
Microsoft Visual Studio Solution File, Format Version 12.00
# Visual Studio 15
VisualStudioVersion = 15.0.28010.2003
MinimumVisualStudioVersion = 10.0.40219.1
Project("{FAE04EC0-301F-11D3-BF4B-00C04F79EFBC}") = "Array-Lesson1", "Array-Lesson1\Array-Lesson1.csproj", "{96F0B7E8-FE3D-45F7-8819-7FDDFBF47899}"
EndProject
Global
	GlobalSection(SolutionConfigurationPlatforms) = preSolution
		Debug|Any CPU = Debug|Any CPU
		Release|Any CPU = Release|Any CPU
	EndGlobalSection
	GlobalSection(ProjectConfigurationPlatforms) = postSolution
		{96F0B7E8-FE3D-45F7-8819-7FDDFBF47899}.Debug|Any CPU.ActiveCfg = Debug|Any CPU
		{96F0B7E8-FE3D-45F7-8819-7FDDFBF47899}.Debug|Any CPU.Build.0 = Debug|Any CPU
		{96F0B7E8-FE3D-45F7-8819-7FDDFBF47899}.Release|Any CPU.ActiveCfg = Release|Any CPU
		{96F0B7E8-FE3D-45F7-8819-7FDDFBF47899}.Release|Any CPU.Build.0 = Release|Any CPU
	EndGlobalSection
	GlobalSection(SolutionProperties) = preSolution
		HideSolutionNode = FALSE
	EndGlobalSection
	GlobalSection(ExtensibilityGlobals) = postSolution
		SolutionGuid = {B093BC4E-A1F1-4ED9-BC2E-A40CF28D37A0}
	EndGlobalSection
EndGlobal
