
Microsoft Visual Studio Solution File, Format Version 12.00
# Visual Studio 15
VisualStudioVersion = 15.0.28010.2003
MinimumVisualStudioVersion = 10.0.40219.1
Project("{FAE04EC0-301F-11D3-BF4B-00C04F79EFBC}") = "GuestList", "GuestList\GuestList.csproj", "{C3DA693F-A45C-4EAA-9FEF-4382978D67EC}"
EndProject
Global
	GlobalSection(SolutionConfigurationPlatforms) = preSolution
		Debug|Any CPU = Debug|Any CPU
		Release|Any CPU = Release|Any CPU
	EndGlobalSection
	GlobalSection(ProjectConfigurationPlatforms) = postSolution
		{C3DA693F-A45C-4EAA-9FEF-4382978D67EC}.Debug|Any CPU.ActiveCfg = Debug|Any CPU
		{C3DA693F-A45C-4EAA-9FEF-4382978D67EC}.Debug|Any CPU.Build.0 = Debug|Any CPU
		{C3DA693F-A45C-4EAA-9FEF-4382978D67EC}.Release|Any CPU.ActiveCfg = Release|Any CPU
		{C3DA693F-A45C-4EAA-9FEF-4382978D67EC}.Release|Any CPU.Build.0 = Release|Any CPU
	EndGlobalSection
	GlobalSection(SolutionProperties) = preSolution
		HideSolutionNode = FALSE
	EndGlobalSection
	GlobalSection(ExtensibilityGlobals) = postSolution
		SolutionGuid = {A7275907-1363-4EB6-95AA-BFA2EFAD76E7}
	EndGlobalSection
EndGlobal
